// !$*UTF8*$!
{
	archiveVersion = 1;
	classes = {
	};
	objectVersion = 56;
	objects = {

/* Begin PBXBuildFile section */
		1BCC34E829A8EBB300DD5E41 /* ProfileViewController.swift in Sources */ = {isa = PBXBuildFile; fileRef = 1BCC34E729A8EBB300DD5E41 /* ProfileViewController.swift */; };
		1BD36C042979CBD700C6B73F /* AppDelegate.swift in Sources */ = {isa = PBXBuildFile; fileRef = 1BD36C032979CBD700C6B73F /* AppDelegate.swift */; };
		1BD36C062979CBD700C6B73F /* SceneDelegate.swift in Sources */ = {isa = PBXBuildFile; fileRef = 1BD36C052979CBD700C6B73F /* SceneDelegate.swift */; };
		1BD36C082979CBD700C6B73F /* ImagesListViewController.swift in Sources */ = {isa = PBXBuildFile; fileRef = 1BD36C072979CBD700C6B73F /* ImagesListViewController.swift */; };
		1BD36C0B2979CBD700C6B73F /* Main.storyboard in Resources */ = {isa = PBXBuildFile; fileRef = 1BD36C092979CBD700C6B73F /* Main.storyboard */; };
		1BD36C0D2979CBD700C6B73F /* Assets.xcassets in Resources */ = {isa = PBXBuildFile; fileRef = 1BD36C0C2979CBD700C6B73F /* Assets.xcassets */; };
		1BD36C102979CBD700C6B73F /* LaunchScreen.storyboard in Resources */ = {isa = PBXBuildFile; fileRef = 1BD36C0E2979CBD700C6B73F /* LaunchScreen.storyboard */; };
		1BD36C1A297BF9BC00C6B73F /* UIColor+Extensions.swift in Sources */ = {isa = PBXBuildFile; fileRef = 1BD36C19297BF9BC00C6B73F /* UIColor+Extensions.swift */; };
		1BD36C1D297D6FA800C6B73F /* ImagesListCell.swift in Sources */ = {isa = PBXBuildFile; fileRef = 1BD36C1C297D6FA800C6B73F /* ImagesListCell.swift */; };
		AE09A2DDC54C07668E706DAE /* SingleImageViewController.swift in Sources */ = {isa = PBXBuildFile; fileRef = AE09ADBDB74E7560CF6814EB /* SingleImageViewController.swift */; };
		AE09A736214C7276671BBEEF /* GradientView.swift in Sources */ = {isa = PBXBuildFile; fileRef = AE09A7771A9E34BADF21B057 /* GradientView.swift */; };
/* End PBXBuildFile section */

/* Begin PBXFileReference section */
		1BCC34E729A8EBB300DD5E41 /* ProfileViewController.swift */ = {isa = PBXFileReference; lastKnownFileType = sourcecode.swift; path = ProfileViewController.swift; sourceTree = "<group>"; };
		1BD36C002979CBD700C6B73F /* ImageFeed.app */ = {isa = PBXFileReference; explicitFileType = wrapper.application; includeInIndex = 0; path = ImageFeed.app; sourceTree = BUILT_PRODUCTS_DIR; };
		1BD36C032979CBD700C6B73F /* AppDelegate.swift */ = {isa = PBXFileReference; lastKnownFileType = sourcecode.swift; path = AppDelegate.swift; sourceTree = "<group>"; };
		1BD36C052979CBD700C6B73F /* SceneDelegate.swift */ = {isa = PBXFileReference; lastKnownFileType = sourcecode.swift; path = SceneDelegate.swift; sourceTree = "<group>"; };
		1BD36C072979CBD700C6B73F /* ImagesListViewController.swift */ = {isa = PBXFileReference; lastKnownFileType = sourcecode.swift; path = ImagesListViewController.swift; sourceTree = "<group>"; };
		1BD36C0A2979CBD700C6B73F /* Base */ = {isa = PBXFileReference; lastKnownFileType = file.storyboard; name = Base; path = Base.lproj/Main.storyboard; sourceTree = "<group>"; };
		1BD36C0C2979CBD700C6B73F /* Assets.xcassets */ = {isa = PBXFileReference; lastKnownFileType = folder.assetcatalog; path = Assets.xcassets; sourceTree = "<group>"; };
		1BD36C0F2979CBD700C6B73F /* Base */ = {isa = PBXFileReference; lastKnownFileType = file.storyboard; name = Base; path = Base.lproj/LaunchScreen.storyboard; sourceTree = "<group>"; };
		1BD36C112979CBD700C6B73F /* Info.plist */ = {isa = PBXFileReference; lastKnownFileType = text.plist.xml; path = Info.plist; sourceTree = "<group>"; };
		1BD36C19297BF9BC00C6B73F /* UIColor+Extensions.swift */ = {isa = PBXFileReference; lastKnownFileType = sourcecode.swift; path = "UIColor+Extensions.swift"; sourceTree = "<group>"; };
		1BD36C1C297D6FA800C6B73F /* ImagesListCell.swift */ = {isa = PBXFileReference; lastKnownFileType = sourcecode.swift; path = ImagesListCell.swift; sourceTree = "<group>"; };
		AE09A7771A9E34BADF21B057 /* GradientView.swift */ = {isa = PBXFileReference; fileEncoding = 4; lastKnownFileType = sourcecode.swift; path = GradientView.swift; sourceTree = "<group>"; };
		AE09ADBDB74E7560CF6814EB /* SingleImageViewController.swift */ = {isa = PBXFileReference; fileEncoding = 4; lastKnownFileType = sourcecode.swift; path = SingleImageViewController.swift; sourceTree = "<group>"; };
/* End PBXFileReference section */

/* Begin PBXFrameworksBuildPhase section */
		1BD36BFD2979CBD700C6B73F /* Frameworks */ = {
			isa = PBXFrameworksBuildPhase;
			buildActionMask = 2147483647;
			files = (
			);
			runOnlyForDeploymentPostprocessing = 0;
		};
/* End PBXFrameworksBuildPhase section */

/* Begin PBXGroup section */
		1BCC34E629A8EB9A00DD5E41 /* Profile */ = {
			isa = PBXGroup;
			children = (
				1BCC34E729A8EBB300DD5E41 /* ProfileViewController.swift */,
			);
			path = Profile;
			sourceTree = "<group>";
		};
		1BD36BF72979CBD700C6B73F = {
			isa = PBXGroup;
			children = (
				1BD36C022979CBD700C6B73F /* ImageFeed */,
				1BD36C012979CBD700C6B73F /* Products */,
			);
			sourceTree = "<group>";
		};
		1BD36C012979CBD700C6B73F /* Products */ = {
			isa = PBXGroup;
			children = (
				1BD36C002979CBD700C6B73F /* ImageFeed.app */,
			);
			name = Products;
			sourceTree = "<group>";
		};
		1BD36C022979CBD700C6B73F /* ImageFeed */ = {
			isa = PBXGroup;
			children = (
				1BCC34E629A8EB9A00DD5E41 /* Profile */,
				1BD36C1B297D6F8F00C6B73F /* ImagesList */,
				1BD36C18297BF9A900C6B73F /* Helpers */,
				1BD36C032979CBD700C6B73F /* AppDelegate.swift */,
				1BD36C052979CBD700C6B73F /* SceneDelegate.swift */,
				1BD36C092979CBD700C6B73F /* Main.storyboard */,
				1BD36C0C2979CBD700C6B73F /* Assets.xcassets */,
				1BD36C0E2979CBD700C6B73F /* LaunchScreen.storyboard */,
				1BD36C112979CBD700C6B73F /* Info.plist */,
				AE09A7BB6B9588D0398294DE /* SingleImage */,
			);
			path = ImageFeed;
			sourceTree = "<group>";
		};
		1BD36C18297BF9A900C6B73F /* Helpers */ = {
			isa = PBXGroup;
			children = (
				1BD36C19297BF9BC00C6B73F /* UIColor+Extensions.swift */,
			);
			path = Helpers;
			sourceTree = "<group>";
		};
		1BD36C1B297D6F8F00C6B73F /* ImagesList */ = {
			isa = PBXGroup;
			children = (
				1BD36C072979CBD700C6B73F /* ImagesListViewController.swift */,
				1BD36C1C297D6FA800C6B73F /* ImagesListCell.swift */,
				AE09A7771A9E34BADF21B057 /* GradientView.swift */,
			);
			path = ImagesList;
			sourceTree = "<group>";
		};
		AE09A7BB6B9588D0398294DE /* SingleImage */ = {
			isa = PBXGroup;
			children = (
				AE09ADBDB74E7560CF6814EB /* SingleImageViewController.swift */,
			);
			path = SingleImage;
			sourceTree = "<group>";
		};
/* End PBXGroup section */

/* Begin PBXNativeTarget section */
		1BD36BFF2979CBD700C6B73F /* ImageFeed */ = {
			isa = PBXNativeTarget;
			buildConfigurationList = 1BD36C142979CBD700C6B73F /* Build configuration list for PBXNativeTarget "ImageFeed" */;
			buildPhases = (
				1BD36BFC2979CBD700C6B73F /* Sources */,
				1BD36BFD2979CBD700C6B73F /* Frameworks */,
				1BD36BFE2979CBD700C6B73F /* Resources */,
			);
			buildRules = (
			);
			dependencies = (
			);
			name = ImageFeed;
			productName = ImageFeed;
			productReference = 1BD36C002979CBD700C6B73F /* ImageFeed.app */;
			productType = "com.apple.product-type.application";
		};
/* End PBXNativeTarget section */

/* Begin PBXProject section */
		1BD36BF82979CBD700C6B73F /* Project object */ = {
			isa = PBXProject;
			attributes = {
				BuildIndependentTargetsInParallel = 1;
				LastSwiftUpdateCheck = 1420;
				LastUpgradeCheck = 1420;
				TargetAttributes = {
					1BD36BFF2979CBD700C6B73F = {
						CreatedOnToolsVersion = 14.2;
					};
				};
			};
			buildConfigurationList = 1BD36BFB2979CBD700C6B73F /* Build configuration list for PBXProject "ImageFeed" */;
			compatibilityVersion = "Xcode 14.0";
			developmentRegion = en;
			hasScannedForEncodings = 0;
			knownRegions = (
				en,
				Base,
			);
			mainGroup = 1BD36BF72979CBD700C6B73F;
			productRefGroup = 1BD36C012979CBD700C6B73F /* Products */;
			projectDirPath = "";
			projectRoot = "";
			targets = (
				1BD36BFF2979CBD700C6B73F /* ImageFeed */,
			);
		};
/* End PBXProject section */

/* Begin PBXResourcesBuildPhase section */
		1BD36BFE2979CBD700C6B73F /* Resources */ = {
			isa = PBXResourcesBuildPhase;
			buildActionMask = 2147483647;
			files = (
				1BD36C102979CBD700C6B73F /* LaunchScreen.storyboard in Resources */,
				1BD36C0D2979CBD700C6B73F /* Assets.xcassets in Resources */,
				1BD36C0B2979CBD700C6B73F /* Main.storyboard in Resources */,
			);
			runOnlyForDeploymentPostprocessing = 0;
		};
/* End PBXResourcesBuildPhase section */

/* Begin PBXSourcesBuildPhase section */
		1BD36BFC2979CBD700C6B73F /* Sources */ = {
			isa = PBXSourcesBuildPhase;
			buildActionMask = 2147483647;
			files = (
				1BD36C082979CBD700C6B73F /* ImagesListViewController.swift in Sources */,
				1BD36C042979CBD700C6B73F /* AppDelegate.swift in Sources */,
				1BD36C1D297D6FA800C6B73F /* ImagesListCell.swift in Sources */,
				1BD36C062979CBD700C6B73F /* SceneDelegate.swift in Sources */,
				1BCC34E829A8EBB300DD5E41 /* ProfileViewController.swift in Sources */,
				1BD36C1A297BF9BC00C6B73F /* UIColor+Extensions.swift in Sources */,
				AE09A736214C7276671BBEEF /* GradientView.swift in Sources */,
				AE09A2DDC54C07668E706DAE /* SingleImageViewController.swift in Sources */,
			);
			runOnlyForDeploymentPostprocessing = 0;
		};
/* End PBXSourcesBuildPhase section */

/* Begin PBXVariantGroup section */
		1BD36C092979CBD700C6B73F /* Main.storyboard */ = {
			isa = PBXVariantGroup;
			children = (
				1BD36C0A2979CBD700C6B73F /* Base */,
			);
			name = Main.storyboard;
			sourceTree = "<group>";
		};
		1BD36C0E2979CBD700C6B73F /* LaunchScreen.storyboard */ = {
			isa = PBXVariantGroup;
			children = (
				1BD36C0F2979CBD700C6B73F /* Base */,
			);
			name = LaunchScreen.storyboard;
			sourceTree = "<group>";
		};
/* End PBXVariantGroup section */

/* Begin XCBuildConfiguration section */
		1BD36C122979CBD700C6B73F /* Debug */ = {
			isa = XCBuildConfiguration;
			buildSettings = {
				ALWAYS_SEARCH_USER_PATHS = NO;
				CLANG_ANALYZER_NONNULL = YES;
				CLANG_ANALYZER_NUMBER_OBJECT_CONVERSION = YES_AGGRESSIVE;
				CLANG_CXX_LANGUAGE_STANDARD = "gnu++20";
				CLANG_ENABLE_MODULES = YES;
				CLANG_ENABLE_OBJC_ARC = YES;
				CLANG_ENABLE_OBJC_WEAK = YES;
				CLANG_WARN_BLOCK_CAPTURE_AUTORELEASING = YES;
				CLANG_WARN_BOOL_CONVERSION = YES;
				CLANG_WARN_COMMA = YES;
				CLANG_WARN_CONSTANT_CONVERSION = YES;
				CLANG_WARN_DEPRECATED_OBJC_IMPLEMENTATIONS = YES;
				CLANG_WARN_DIRECT_OBJC_ISA_USAGE = YES_ERROR;
				CLANG_WARN_DOCUMENTATION_COMMENTS = YES;
				CLANG_WARN_EMPTY_BODY = YES;
				CLANG_WARN_ENUM_CONVERSION = YES;
				CLANG_WARN_INFINITE_RECURSION = YES;
				CLANG_WARN_INT_CONVERSION = YES;
				CLANG_WARN_NON_LITERAL_NULL_CONVERSION = YES;
				CLANG_WARN_OBJC_IMPLICIT_RETAIN_SELF = YES;
				CLANG_WARN_OBJC_LITERAL_CONVERSION = YES;
				CLANG_WARN_OBJC_ROOT_CLASS = YES_ERROR;
				CLANG_WARN_QUOTED_INCLUDE_IN_FRAMEWORK_HEADER = YES;
				CLANG_WARN_RANGE_LOOP_ANALYSIS = YES;
				CLANG_WARN_STRICT_PROTOTYPES = YES;
				CLANG_WARN_SUSPICIOUS_MOVE = YES;
				CLANG_WARN_UNGUARDED_AVAILABILITY = YES_AGGRESSIVE;
				CLANG_WARN_UNREACHABLE_CODE = YES;
				CLANG_WARN__DUPLICATE_METHOD_MATCH = YES;
				COPY_PHASE_STRIP = NO;
				DEBUG_INFORMATION_FORMAT = dwarf;
				ENABLE_STRICT_OBJC_MSGSEND = YES;
				ENABLE_TESTABILITY = YES;
				GCC_C_LANGUAGE_STANDARD = gnu11;
				GCC_DYNAMIC_NO_PIC = NO;
				GCC_NO_COMMON_BLOCKS = YES;
				GCC_OPTIMIZATION_LEVEL = 0;
				GCC_PREPROCESSOR_DEFINITIONS = (
					"DEBUG=1",
					"$(inherited)",
				);
				GCC_WARN_64_TO_32_BIT_CONVERSION = YES;
				GCC_WARN_ABOUT_RETURN_TYPE = YES_ERROR;
				GCC_WARN_UNDECLARED_SELECTOR = YES;
				GCC_WARN_UNINITIALIZED_AUTOS = YES_AGGRESSIVE;
				GCC_WARN_UNUSED_FUNCTION = YES;
				GCC_WARN_UNUSED_VARIABLE = YES;
				IPHONEOS_DEPLOYMENT_TARGET = 16.2;
				MTL_ENABLE_DEBUG_INFO = INCLUDE_SOURCE;
				MTL_FAST_MATH = YES;
				ONLY_ACTIVE_ARCH = YES;
				SDKROOT = iphoneos;
				SWIFT_ACTIVE_COMPILATION_CONDITIONS = DEBUG;
				SWIFT_OPTIMIZATION_LEVEL = "-Onone";
			};
			name = Debug;
		};
		1BD36C132979CBD700C6B73F /* Release */ = {
			isa = XCBuildConfiguration;
			buildSettings = {
				ALWAYS_SEARCH_USER_PATHS = NO;
				CLANG_ANALYZER_NONNULL = YES;
				CLANG_ANALYZER_NUMBER_OBJECT_CONVERSION = YES_AGGRESSIVE;
				CLANG_CXX_LANGUAGE_STANDARD = "gnu++20";
				CLANG_ENABLE_MODULES = YES;
				CLANG_ENABLE_OBJC_ARC = YES;
				CLANG_ENABLE_OBJC_WEAK = YES;
				CLANG_WARN_BLOCK_CAPTURE_AUTORELEASING = YES;
				CLANG_WARN_BOOL_CONVERSION = YES;
				CLANG_WARN_COMMA = YES;
				CLANG_WARN_CONSTANT_CONVERSION = YES;
				CLANG_WARN_DEPRECATED_OBJC_IMPLEMENTATIONS = YES;
				CLANG_WARN_DIRECT_OBJC_ISA_USAGE = YES_ERROR;
				CLANG_WARN_DOCUMENTATION_COMMENTS = YES;
				CLANG_WARN_EMPTY_BODY = YES;
				CLANG_WARN_ENUM_CONVERSION = YES;
				CLANG_WARN_INFINITE_RECURSION = YES;
				CLANG_WARN_INT_CONVERSION = YES;
				CLANG_WARN_NON_LITERAL_NULL_CONVERSION = YES;
				CLANG_WARN_OBJC_IMPLICIT_RETAIN_SELF = YES;
				CLANG_WARN_OBJC_LITERAL_CONVERSION = YES;
				CLANG_WARN_OBJC_ROOT_CLASS = YES_ERROR;
				CLANG_WARN_QUOTED_INCLUDE_IN_FRAMEWORK_HEADER = YES;
				CLANG_WARN_RANGE_LOOP_ANALYSIS = YES;
				CLANG_WARN_STRICT_PROTOTYPES = YES;
				CLANG_WARN_SUSPICIOUS_MOVE = YES;
				CLANG_WARN_UNGUARDED_AVAILABILITY = YES_AGGRESSIVE;
				CLANG_WARN_UNREACHABLE_CODE = YES;
				CLANG_WARN__DUPLICATE_METHOD_MATCH = YES;
				COPY_PHASE_STRIP = NO;
				DEBUG_INFORMATION_FORMAT = "dwarf-with-dsym";
				ENABLE_NS_ASSERTIONS = NO;
				ENABLE_STRICT_OBJC_MSGSEND = YES;
				GCC_C_LANGUAGE_STANDARD = gnu11;
				GCC_NO_COMMON_BLOCKS = YES;
				GCC_WARN_64_TO_32_BIT_CONVERSION = YES;
				GCC_WARN_ABOUT_RETURN_TYPE = YES_ERROR;
				GCC_WARN_UNDECLARED_SELECTOR = YES;
				GCC_WARN_UNINITIALIZED_AUTOS = YES_AGGRESSIVE;
				GCC_WARN_UNUSED_FUNCTION = YES;
				GCC_WARN_UNUSED_VARIABLE = YES;
				IPHONEOS_DEPLOYMENT_TARGET = 16.2;
				MTL_ENABLE_DEBUG_INFO = NO;
				MTL_FAST_MATH = YES;
				SDKROOT = iphoneos;
				SWIFT_COMPILATION_MODE = wholemodule;
				SWIFT_OPTIMIZATION_LEVEL = "-O";
				VALIDATE_PRODUCT = YES;
			};
			name = Release;
		};
		1BD36C152979CBD700C6B73F /* Debug */ = {
			isa = XCBuildConfiguration;
			buildSettings = {
				ASSETCATALOG_COMPILER_APPICON_NAME = AppIcon;
				ASSETCATALOG_COMPILER_GLOBAL_ACCENT_COLOR_NAME = AccentColor;
				CODE_SIGN_STYLE = Automatic;
				CURRENT_PROJECT_VERSION = 1;
				DEVELOPMENT_TEAM = 53H25GAAR4;
				GENERATE_INFOPLIST_FILE = YES;
				INFOPLIST_FILE = ImageFeed/Info.plist;
				INFOPLIST_KEY_UIApplicationSupportsIndirectInputEvents = YES;
				INFOPLIST_KEY_UILaunchStoryboardName = LaunchScreen.storyboard;
				INFOPLIST_KEY_UIMainStoryboardFile = Main;
				INFOPLIST_KEY_UISupportedInterfaceOrientations = UIInterfaceOrientationPortrait;
				INFOPLIST_KEY_UISupportedInterfaceOrientations_iPad = "UIInterfaceOrientationLandscapeLeft UIInterfaceOrientationLandscapeRight UIInterfaceOrientationPortrait UIInterfaceOrientationPortraitUpsideDown";
				IPHONEOS_DEPLOYMENT_TARGET = 13.0;
				LD_RUNPATH_SEARCH_PATHS = (
					"$(inherited)",
					"@executable_path/Frameworks",
				);
				MARKETING_VERSION = 1.0;
				PRODUCT_BUNDLE_IDENTIFIER = com.andrewp.ImageFeed;
				PRODUCT_NAME = "$(TARGET_NAME)";
				SUPPORTED_PLATFORMS = "iphoneos iphonesimulator";
				SUPPORTS_MACCATALYST = NO;
				SUPPORTS_MAC_DESIGNED_FOR_IPHONE_IPAD = YES;
				SWIFT_EMIT_LOC_STRINGS = YES;
				SWIFT_VERSION = 5.0;
				TARGETED_DEVICE_FAMILY = 1;
			};
			name = Debug;
		};
		1BD36C162979CBD700C6B73F /* Release */ = {
			isa = XCBuildConfiguration;
			buildSettings = {
				ASSETCATALOG_COMPILER_APPICON_NAME = AppIcon;
				ASSETCATALOG_COMPILER_GLOBAL_ACCENT_COLOR_NAME = AccentColor;
				CODE_SIGN_STYLE = Automatic;
				CURRENT_PROJECT_VERSION = 1;
				DEVELOPMENT_TEAM = 53H25GAAR4;
				GENERATE_INFOPLIST_FILE = YES;
				INFOPLIST_FILE = ImageFeed/Info.plist;
				INFOPLIST_KEY_UIApplicationSupportsIndirectInputEvents = YES;
				INFOPLIST_KEY_UILaunchStoryboardName = LaunchScreen.storyboard;
				INFOPLIST_KEY_UIMainStoryboardFile = Main;
				INFOPLIST_KEY_UISupportedInterfaceOrientations = UIInterfaceOrientationPortrait;
				INFOPLIST_KEY_UISupportedInterfaceOrientations_iPad = "UIInterfaceOrientationLandscapeLeft UIInterfaceOrientationLandscapeRight UIInterfaceOrientationPortrait UIInterfaceOrientationPortraitUpsideDown";
				IPHONEOS_DEPLOYMENT_TARGET = 13.0;
				LD_RUNPATH_SEARCH_PATHS = (
					"$(inherited)",
					"@executable_path/Frameworks",
				);
				MARKETING_VERSION = 1.0;
				PRODUCT_BUNDLE_IDENTIFIER = com.andrewp.ImageFeed;
				PRODUCT_NAME = "$(TARGET_NAME)";
				SUPPORTED_PLATFORMS = "iphoneos iphonesimulator";
				SUPPORTS_MACCATALYST = NO;
				SUPPORTS_MAC_DESIGNED_FOR_IPHONE_IPAD = YES;
				SWIFT_EMIT_LOC_STRINGS = YES;
				SWIFT_VERSION = 5.0;
				TARGETED_DEVICE_FAMILY = 1;
			};
			name = Release;
		};
/* End XCBuildConfiguration section */

/* Begin XCConfigurationList section */
		1BD36BFB2979CBD700C6B73F /* Build configuration list for PBXProject "ImageFeed" */ = {
			isa = XCConfigurationList;
			buildConfigurations = (
				1BD36C122979CBD700C6B73F /* Debug */,
				1BD36C132979CBD700C6B73F /* Release */,
			);
			defaultConfigurationIsVisible = 0;
			defaultConfigurationName = Release;
		};
		1BD36C142979CBD700C6B73F /* Build configuration list for PBXNativeTarget "ImageFeed" */ = {
			isa = XCConfigurationList;
			buildConfigurations = (
				1BD36C152979CBD700C6B73F /* Debug */,
				1BD36C162979CBD700C6B73F /* Release */,
			);
			defaultConfigurationIsVisible = 0;
			defaultConfigurationName = Release;
		};
/* End XCConfigurationList section */
	};
	rootObject = 1BD36BF82979CBD700C6B73F /* Project object */;
}
